
Microsoft Visual Studio Solution File, Format Version 12.00
# Visual Studio Version 17
VisualStudioVersion = 17.12.35527.113
MinimumVisualStudioVersion = 10.0.40219.1
Project("{FAE04EC0-301F-11D3-BF4B-00C04F79EFBC}") = "Mud.EntityCodeGenerator", "Core\Mud.EntityCodeGenerator\Mud.EntityCodeGenerator.csproj", "{E973506F-8331-46C7-ACB9-A2ACC699F0BE}"
EndProject
Project("{D954291E-2A0B-460D-934E-DC6B0785DB48}") = "Mud.CodeGenerator", "Core\Mud.CodeGenerator\Mud.CodeGenerator.shproj", "{71B3856B-8735-4AFF-A20B-7CF2AB3A0213}"
EndProject
Project("{FAE04EC0-301F-11D3-BF4B-00C04F79EFBC}") = "Mud.ServiceCodeGenerator", "Core\Mud.ServiceCodeGenerator\Mud.ServiceCodeGenerator.csproj", "{64FDD18A-1C5E-4744-AD17-1ECD25DE7E79}"
EndProject
Global
	GlobalSection(SolutionConfigurationPlatforms) = preSolution
		Debug|Any CPU = Debug|Any CPU
		Release|Any CPU = Release|Any CPU
	EndGlobalSection
	GlobalSection(ProjectConfigurationPlatforms) = postSolution
		{E973506F-8331-46C7-ACB9-A2ACC699F0BE}.Debug|Any CPU.ActiveCfg = Debug|Any CPU
		{E973506F-8331-46C7-ACB9-A2ACC699F0BE}.Debug|Any CPU.Build.0 = Debug|Any CPU
		{E973506F-8331-46C7-ACB9-A2ACC699F0BE}.Release|Any CPU.ActiveCfg = Release|Any CPU
		{E973506F-8331-46C7-ACB9-A2ACC699F0BE}.Release|Any CPU.Build.0 = Release|Any CPU
		{64FDD18A-1C5E-4744-AD17-1ECD25DE7E79}.Debug|Any CPU.ActiveCfg = Debug|Any CPU
		{64FDD18A-1C5E-4744-AD17-1ECD25DE7E79}.Debug|Any CPU.Build.0 = Debug|Any CPU
		{64FDD18A-1C5E-4744-AD17-1ECD25DE7E79}.Release|Any CPU.ActiveCfg = Release|Any CPU
		{64FDD18A-1C5E-4744-AD17-1ECD25DE7E79}.Release|Any CPU.Build.0 = Release|Any CPU
	EndGlobalSection
	GlobalSection(SolutionProperties) = preSolution
		HideSolutionNode = FALSE
	EndGlobalSection
	GlobalSection(SharedMSBuildProjectFiles) = preSolution
		Core\Mud.CodeGenerator\Mud.CodeGenerator.projitems*{64fdd18a-1c5e-4744-ad17-1ecd25de7e79}*SharedItemsImports = 5
		Core\Mud.CodeGenerator\Mud.CodeGenerator.projitems*{71b3856b-8735-4aff-a20b-7cf2ab3a0213}*SharedItemsImports = 13
		Core\Mud.CodeGenerator\Mud.CodeGenerator.projitems*{e973506f-8331-46c7-acb9-a2acc699f0be}*SharedItemsImports = 5
	EndGlobalSection
EndGlobal
